{
  "nodes": {
    "nixos-hardware": {
      "locked": {
        "lastModified": 1774018263,
        "narHash": "sha256-HHYEwK1A22aSaxv2ibhMMkKvrDGKGlA/qObG4smrSqc=",
        "owner": "NixOS",
        "repo": "nixos-hardware",
        "rev": "2d4b4717b2534fad5c715968c1cece04a172b365",
        "type": "github"
      },
      "original": {
        "owner": "NixOS",
        "repo": "nixos-hardware",
        "type": "github"
      }
    },
    "nixpkgs": {
      "locked": {
        "lastModified": 1773964973,
        "narHash": "sha256-NV/J+tTER0P5iJhUDL/8HO5MDjDceLQPRUYgdmy5wXw=",
        "owner": "NixOS",
        "repo": "nixpkgs",
        "rev": "812b3986fd1568f7a858f97fcf425ad996ba7d25",
        "type": "github"
      },
      "original": {
        "owner": "NixOS",
        "ref": "nixos-25.11",
        "repo": "nixpkgs",
        "type": "github"
      }
    },
    "root": {
      "inputs": {
        "nixos-hardware": "nixos-hardware",
        "nixpkgs": "nixpkgs"
      }
    }
  },
  "root": "root",
  "version": 7
}
